
Microsoft Visual Studio Solution File, Format Version 12.00
# Visual Studio Version 17
VisualStudioVersion = 17.9.34622.214
MinimumVisualStudioVersion = 10.0.40219.1
Project("{FAE04EC0-301F-11D3-BF4B-00C04F79EFBC}") = "MAP", "MAP.csproj", "{81FF3881-8470-4800-B3A6-F9C119A99071}"
EndProject
Global
	GlobalSection(SolutionConfigurationPlatforms) = preSolution
		Debug|Any CPU = Debug|Any CPU
		Release|Any CPU = Release|Any CPU
	EndGlobalSection
	GlobalSection(ProjectConfigurationPlatforms) = postSolution
		{81FF3881-8470-4800-B3A6-F9C119A99071}.Debug|Any CPU.ActiveCfg = Debug|Any CPU
		{81FF3881-8470-4800-B3A6-F9C119A99071}.Debug|Any CPU.Build.0 = Debug|Any CPU
		{81FF3881-8470-4800-B3A6-F9C119A99071}.Release|Any CPU.ActiveCfg = Release|Any CPU
		{81FF3881-8470-4800-B3A6-F9C119A99071}.Release|Any CPU.Build.0 = Release|Any CPU
	EndGlobalSection
	GlobalSection(SolutionProperties) = preSolution
		HideSolutionNode = FALSE
	EndGlobalSection
	GlobalSection(ExtensibilityGlobals) = postSolution
		SolutionGuid = {D3EC59CB-3792-4B7F-94DA-317743457C37}
	EndGlobalSection
EndGlobal
